{
  "name": "@games/sequence-words",
  "version": "0.0.0",
  "lockfileVersion": 3,
  "requires": true,
  "packages": {
    "": {
      "name": "@games/sequence-words",
      "version": "0.0.0",
      "license": "UNLICENSED",
      "workspaces": [
        "packages/*"
      ],
      "dependencies": {
        "@ez4/common": "^0.35.0",
        "@ez4/gateway": "^0.35.1"
      }
    },
    "node_modules/@ez4/common": {
      "version": "0.35.0",
      "resolved": "https://registry.npmjs.org/@ez4/common/-/common-0.35.0.tgz",
      "integrity": "sha512-dSUZCKt1cqH3uCOlvjhID7BoT9HMdKui69AfwrQ4HHKwfpTv+uM3KIQU4dae5SQyC5bJHIpFkXoUVOk+U9vf6A==",
      "license": "MIT",
      "workspaces": [
        "foundation/*"
      ],
      "dependencies": {
        "@ez4/project": "^0.35.0",
        "@ez4/reflection": "^0.35.0",
        "@ez4/utils": "^0.35.0"
      },
      "engines": {
        "node": ">=22.7"
      }
    },
    "node_modules/@ez4/gateway": {
      "version": "0.35.1",
      "resolved": "https://registry.npmjs.org/@ez4/gateway/-/gateway-0.35.1.tgz",
      "integrity": "sha512-ReHiXXG9Xvy7Nl4F2sEHlLPlpSwFOJx2PvF4CA2Rh2A43u+uVjvcDuAsX1E8KudRa2FX+suAP+tQX3CmFphROA==",
      "license": "MIT",
      "workspaces": [
        "foundation/*",
        "contracts/*"
      ],
      "dependencies": {
        "@ez4/common": "^0.35.0",
        "@ez4/project": "^0.35.0",
        "@ez4/reflection": "^0.35.0",
        "@ez4/schema": "^0.35.0",
        "@ez4/transform": "^0.35.0",
        "@ez4/utils": "^0.35.0",
        "@ez4/validator": "^0.35.0"
      },
      "engines": {
        "node": ">=22.7"
      }
    },
    "node_modules/@ez4/project": {
      "version": "0.35.0",
      "resolved": "https://registry.npmjs.org/@ez4/project/-/project-0.35.0.tgz",
      "integrity": "sha512-lZk5a/g5kK7K18lVxrcaJPqsmAJRU8RNUMLTJuiQXHFzc1y6ovcX1jIAcEVDBVFU/VlCZpOGeb1c3A7uPaBl/A==",
      "license": "MIT",
      "workspaces": [
        "foundation/*"
      ],
      "dependencies": {
        "@ez4/reflection": "^0.35.0",
        "@ez4/stateful": "^0.35.0",
        "@ez4/utils": "^0.35.0"
      },
      "bin": {
        "ez4": "bin/cli.mjs"
      },
      "engines": {
        "node": ">=22.7"
      }
    },
    "node_modules/@ez4/reflection": {
      "version": "0.35.0",
      "resolved": "https://registry.npmjs.org/@ez4/reflection/-/reflection-0.35.0.tgz",
      "integrity": "sha512-NlFIF7EolT+ayIiDr+bBDGj5MCejTfjlfssNVWApe22AbrSYJ7WJ9wkjoaTBWmn6UkBdzCeAfmYVnSIZ25Ao+w==",
      "license": "MIT",
      "workspaces": [
        "foundation/*"
      ],
      "dependencies": {
        "typescript": "^5.9.3"
      },
      "engines": {
        "node": ">=22.7"
      }
    },
    "node_modules/@ez4/schema": {
      "version": "0.35.0",
      "resolved": "https://registry.npmjs.org/@ez4/schema/-/schema-0.35.0.tgz",
      "integrity": "sha512-5z73VYlIiCVRu6lsvVza4vjseJRkdyfebS0Ed0vG1y8ZV5nBJc7hObFHDk6sIN1SYNYBCr8mlGuNZb61sFhAYw==",
      "license": "MIT",
      "workspaces": [
        "foundation/*"
      ],
      "dependencies": {
        "@ez4/project": "^0.35.0",
        "@ez4/reflection": "^0.35.0",
        "@ez4/utils": "^0.35.0"
      },
      "engines": {
        "node": ">=22.7"
      }
    },
    "node_modules/@ez4/stateful": {
      "version": "0.35.0",
      "resolved": "https://registry.npmjs.org/@ez4/stateful/-/stateful-0.35.0.tgz",
      "integrity": "sha512-ZKf34xF620s4Mpl6NqHufv0wEY/YLA2B7dTFjZ1whfY57mkDq8Q6ytYS6WoRo93rmB1Iiq+Ozm0BsMnY+wNqHA==",
      "license": "MIT",
      "workspaces": [
        "foundation/*"
      ],
      "dependencies": {
        "@ez4/utils": "^0.35.0"
      },
      "engines": {
        "node": ">=22.7"
      }
    },
    "node_modules/@ez4/transform": {
      "version": "0.35.0",
      "resolved": "https://registry.npmjs.org/@ez4/transform/-/transform-0.35.0.tgz",
      "integrity": "sha512-Qh31KUvoVBrlYFo0u7oBeicQ9SJSoAu/pX2ylFKx3f0TWMYabFxQvwS3PMasw7ZozZb8w9xYtNsQaR86BEXDfg==",
      "license": "MIT",
      "workspaces": [
        "foundation/*"
      ],
      "dependencies": {
        "@ez4/schema": "^0.35.0",
        "@ez4/utils": "^0.35.0"
      },
      "engines": {
        "node": ">=22.7"
      }
    },
    "node_modules/@ez4/utils": {
      "version": "0.35.0",
      "resolved": "https://registry.npmjs.org/@ez4/utils/-/utils-0.35.0.tgz",
      "integrity": "sha512-Pf/4S22/N5/D7RLvFh7kLJ6J4Y5jKl63YDRQ3s1oNEPCHEM33qbK/9V+VSXYIh/rIVJuMb156HyWQr9PfBVCIQ==",
      "license": "MIT",
      "workspaces": [
        "foundation/*"
      ],
      "engines": {
        "node": ">=22.7"
      }
    },
    "node_modules/@ez4/validator": {
      "version": "0.35.0",
      "resolved": "https://registry.npmjs.org/@ez4/validator/-/validator-0.35.0.tgz",
      "integrity": "sha512-C21ESX+q/m1aqYZw7cBEbFbf1qx9QHYQQyRn4tGv6fMtvUOLh7ccKzyXkeVKRkQWLtJgTqwxs7QPHBted26APg==",
      "license": "MIT",
      "workspaces": [
        "foundation/*"
      ],
      "dependencies": {
        "@ez4/schema": "^0.35.0",
        "@ez4/utils": "^0.35.0"
      },
      "engines": {
        "node": ">=22.7"
      }
    },
    "node_modules/typescript": {
      "version": "5.9.3",
      "resolved": "https://registry.npmjs.org/typescript/-/typescript-5.9.3.tgz",
      "integrity": "sha512-jl1vZzPDinLr9eUt3J/t7V6FgNEw9QjvBPdysz9KfQDD41fQrC2Y4vKQdiaUpFT4bXlb1RHhLpp8wtm6M5TgSw==",
      "license": "Apache-2.0",
      "bin": {
        "tsc": "bin/tsc",
        "tsserver": "bin/tsserver"
      },
      "engines": {
        "node": ">=14.17"
      }
    }
  }
}
